
Microsoft Visual Studio Solution File, Format Version 12.00
# Visual Studio Version 16
VisualStudioVersion = 16.0.29911.84
MinimumVisualStudioVersion = 10.0.40219.1
Project("{2150E333-8FDC-42A3-9474-1A3956D46DE8}") = "DataStructures", "DataStructures", "{528A9707-A7ED-4384-84D7-F0E2C1C3C48B}"
EndProject
Project("{2150E333-8FDC-42A3-9474-1A3956D46DE8}") = "Algorithms", "Algorithms", "{2673407F-C117-422C-8827-C111F72236B0}"
EndProject
Project("{FAE04EC0-301F-11D3-BF4B-00C04F79EFBC}") = "SinglyLinkedList", "SinglyLinkedList\SinglyLinkedList.csproj", "{66E9CFDA-5B4B-444C-BF90-A93432D7E1FB}"
EndProject
Project("{FAE04EC0-301F-11D3-BF4B-00C04F79EFBC}") = "Stack", "Stack\Stack.csproj", "{EB43DBD1-1EDE-48BC-81AB-DFD189012A48}"
EndProject
Project("{FAE04EC0-301F-11D3-BF4B-00C04F79EFBC}") = "Queue", "Queue\Queue.csproj", "{C6497EFA-E552-4473-9850-D510EE82CECA}"
EndProject
Project("{FAE04EC0-301F-11D3-BF4B-00C04F79EFBC}") = "BinarySearch", "BinarySearch\BinarySearch.csproj", "{349591F1-31F6-4F70-A4E9-3EA580107264}"
EndProject
Project("{FAE04EC0-301F-11D3-BF4B-00C04F79EFBC}") = "LinearSearch", "LinearSearch\LinearSearch.csproj", "{48BCC79F-9BD1-484F-B932-2806350FFCD2}"
EndProject
Project("{FAE04EC0-301F-11D3-BF4B-00C04F79EFBC}") = "Fibonacci", "Fibonacci\Fibonacci.csproj", "{4FAC2AD8-3B4C-408D-9F12-6D916432E364}"
EndProject
Project("{FAE04EC0-301F-11D3-BF4B-00C04F79EFBC}") = "Factorial", "Factorial\Factorial.csproj", "{AF449998-5BD3-4F6F-88CA-2FC821B823E2}"
EndProject
Project("{2150E333-8FDC-42A3-9474-1A3956D46DE8}") = "Exercism", "Exercism", "{94C8C4C5-4F09-4F34-A09E-125B13E848CF}"
EndProject
Project("{FAE04EC0-301F-11D3-BF4B-00C04F79EFBC}") = "IsPangram", "IsPangram\IsPangram.csproj", "{A5F5D77D-7EEB-4FFF-9017-394DE3769784}"
EndProject
Project("{FAE04EC0-301F-11D3-BF4B-00C04F79EFBC}") = "LeapYear", "LeapYear\LeapYear.csproj", "{2FF2A579-700A-404B-BA24-ED76138F0914}"
EndProject
Project("{FAE04EC0-301F-11D3-BF4B-00C04F79EFBC}") = "PerfectNumber", "PerfectNumber\PerfectNumber.csproj", "{7FD94AAB-633E-4876-8581-4A2CD9C619A4}"
EndProject
Project("{FAE04EC0-301F-11D3-BF4B-00C04F79EFBC}") = "ResistorColorTrio", "ResistorColorTrio\ResistorColorTrio.csproj", "{14BE0C12-196F-4CC1-B22F-3F4BB65A5B94}"
EndProject
Project("{FAE04EC0-301F-11D3-BF4B-00C04F79EFBC}") = "ChessTableGrains", "ChessTableGrains\ChessTableGrains.csproj", "{EE2BE35B-4D5E-4A55-A039-DF8DD612AE81}"
EndProject
Project("{FAE04EC0-301F-11D3-BF4B-00C04F79EFBC}") = "CollatzConjecture", "CollatzConjecture\CollatzConjecture.csproj", "{4BAC0926-F292-49C7-B6EC-29A4AC810D98}"
EndProject
Project("{FAE04EC0-301F-11D3-BF4B-00C04F79EFBC}") = "Isogram", "Isogram\Isogram.csproj", "{1785C166-F2FB-44C3-8F3B-603021DBC0D0}"
EndProject
Project("{FAE04EC0-301F-11D3-BF4B-00C04F79EFBC}") = "Acronym", "Acronim\Acronym.csproj", "{5280AFB2-5A39-4787-A174-2EFD09875660}"
EndProject
Project("{FAE04EC0-301F-11D3-BF4B-00C04F79EFBC}") = "ScrabbleScore", "ScrabbleScore\ScrabbleScore.csproj", "{FCAA144C-E6E4-41AB-95BF-CAB76254A851}"
EndProject
Project("{FAE04EC0-301F-11D3-BF4B-00C04F79EFBC}") = "LargestSeriesProduct", "LargestSeriesProduct\LargestSeriesProduct.csproj", "{87F637C2-B5E9-4BC0-ACEE-454854CE4D45}"
EndProject
Project("{FAE04EC0-301F-11D3-BF4B-00C04F79EFBC}") = "PythagoreanTriplet", "PythagoreanTriplet\PythagoreanTriplet.csproj", "{0A017DFF-F4C3-4BE8-A773-457F797BCBAC}"
EndProject
Project("{FAE04EC0-301F-11D3-BF4B-00C04F79EFBC}") = "PrimeFactors", "PrimeFactors\PrimeFactors.csproj", "{619B901C-0864-4C43-B04B-AD207A8CB6F2}"
EndProject
Project("{2150E333-8FDC-42A3-9474-1A3956D46DE8}") = "ProjectEuler", "ProjectEuler", "{98453094-26C1-455B-BAFA-76930F3055A4}"
EndProject
Project("{FAE04EC0-301F-11D3-BF4B-00C04F79EFBC}") = "Problem 8 Largest product in a series", "Problem 8 Largest product in a series\Problem 8 Largest product in a series.csproj", "{A738EDD0-C1FF-4329-B2C9-74AF8CFC4937}"
EndProject
Project("{FAE04EC0-301F-11D3-BF4B-00C04F79EFBC}") = "BubbleSort", "BubbleSort\BubbleSort.csproj", "{FC4F2638-A207-4F07-87C1-503730D100E8}"
EndProject
Project("{2150E333-8FDC-42A3-9474-1A3956D46DE8}") = "Sorting Algorithms", "Sorting Algorithms", "{9A95755E-BBE0-451B-B8BD-0E7D6D03B84B}"
EndProject
Project("{FAE04EC0-301F-11D3-BF4B-00C04F79EFBC}") = "SelectionSort", "SelectionSort\SelectionSort.csproj", "{66D248B2-C9E9-4883-B0EF-940158B6EE2F}"
EndProject
Project("{FAE04EC0-301F-11D3-BF4B-00C04F79EFBC}") = "InsertionSort", "InsertionSort\InsertionSort.csproj", "{6C36FED8-955A-4172-ABBA-D1D924187A29}"
EndProject
Project("{FAE04EC0-301F-11D3-BF4B-00C04F79EFBC}") = "ArmstrongNumbers", "ArmstrongNumbers\ArmstrongNumbers.csproj", "{B3F31A59-C594-4616-9BE3-F34DE664A49A}"
EndProject
Project("{FAE04EC0-301F-11D3-BF4B-00C04F79EFBC}") = "Series", "Series\Series.csproj", "{7139A816-2B9D-4D3E-BA48-6FDB7B751426}"
EndProject
Project("{FAE04EC0-301F-11D3-BF4B-00C04F79EFBC}") = "Problem 1 Multiples of 3 and 5", "Problem 1 Multiples of 3 and 5\Problem 1 Multiples of 3 and 5.csproj", "{3DBD19E4-9533-4FAD-AA51-97D642FA38FA}"
EndProject
Project("{FAE04EC0-301F-11D3-BF4B-00C04F79EFBC}") = "Problem 2 Even Fibonacci numbers", "Problem 2 Even Fibonacci numbers\Problem 2 Even Fibonacci numbers.csproj", "{D9B10A75-CC74-44CD-827F-BCC1DAE1515C}"
EndProject
Project("{FAE04EC0-301F-11D3-BF4B-00C04F79EFBC}") = "Problem 3 Largest prime factor", "Problem 3 Largest prime factor\Problem 3 Largest prime factor.csproj", "{D6587B10-B017-4B16-A481-EF59C27FDAB3}"
EndProject
Project("{FAE04EC0-301F-11D3-BF4B-00C04F79EFBC}") = "Problem 4 Largest palindrome product", "Problem 4 Largest palindrome product\Problem 4 Largest palindrome product.csproj", "{7D5885EA-4279-4603-B1C1-6D7D59298032}"
EndProject
Project("{FAE04EC0-301F-11D3-BF4B-00C04F79EFBC}") = "Problem 5 Smallest multiple", "Problem 5 Smallest multiple\Problem 5 Smallest multiple.csproj", "{FA719106-D4FC-4A87-BAD8-9E3B5EE102B2}"
EndProject
Project("{FAE04EC0-301F-11D3-BF4B-00C04F79EFBC}") = "Problem 6 Sum square difference", "Problem 6 Sum square difference\Problem 6 Sum square difference.csproj", "{558CAE08-EC5B-49E9-B102-E15CCB043DCC}"
EndProject
Project("{FAE04EC0-301F-11D3-BF4B-00C04F79EFBC}") = "Problem 7 10001st prime", "Problem 7 10001st prime\Problem 7 10001st prime.csproj", "{654A03FE-5486-40A1-BF89-F04BCF71F046}"
EndProject
Project("{FAE04EC0-301F-11D3-BF4B-00C04F79EFBC}") = "Problem 9 Special Pythagorean triplet", "Problem 9 Special Pythagorean triplet\Problem 9 Special Pythagorean triplet.csproj", "{8AF98DE2-3C1D-4085-92C9-5673EF6F0F6F}"
EndProject
Project("{FAE04EC0-301F-11D3-BF4B-00C04F79EFBC}") = "Problem 10 Summation of primes", "Problem 10 Summation of primes\Problem 10 Summation of primes.csproj", "{D94DF3FB-E13A-480A-8BF7-A24596C455C4}"
EndProject
Project("{FAE04EC0-301F-11D3-BF4B-00C04F79EFBC}") = "SieveOfEratosthenes", "SieveOfEratosthenes\SieveOfEratosthenes.csproj", "{313DFB43-8780-43E7-9DD0-97A98A76ADED}"
EndProject
Project("{FAE04EC0-301F-11D3-BF4B-00C04F79EFBC}") = "Problem 20 Factorial digit sum", "Problem 20 Factorial digit sum\Problem 20 Factorial digit sum.csproj", "{1B1DBF47-E9EC-41CB-9465-7D4955001866}"
EndProject
Project("{FAE04EC0-301F-11D3-BF4B-00C04F79EFBC}") = "Problem 16 Power digit sum", "Problem 16 Power digit sum\Problem 16 Power digit sum.csproj", "{51FE26B2-489F-4FB5-9036-74E10E8209B1}"
EndProject
Project("{FAE04EC0-301F-11D3-BF4B-00C04F79EFBC}") = "Problem 14 Longest Collatz sequence", "Problem 14 Longest Collatz sequence\Problem 14 Longest Collatz sequence.csproj", "{ECC49540-82A2-4B04-8B97-A7D5FAF48A63}"
EndProject
Project("{FAE04EC0-301F-11D3-BF4B-00C04F79EFBC}") = "Problem 13 Large sum", "Problem 13 Large sum\Problem 13 Large sum.csproj", "{78ED757C-18EF-4349-9CAB-DBD38CAC1E81}"
EndProject
Global
	GlobalSection(SolutionConfigurationPlatforms) = preSolution
		Debug|Any CPU = Debug|Any CPU
		Release|Any CPU = Release|Any CPU
	EndGlobalSection
	GlobalSection(ProjectConfigurationPlatforms) = postSolution
		{66E9CFDA-5B4B-444C-BF90-A93432D7E1FB}.Debug|Any CPU.ActiveCfg = Debug|Any CPU
		{66E9CFDA-5B4B-444C-BF90-A93432D7E1FB}.Debug|Any CPU.Build.0 = Debug|Any CPU
		{66E9CFDA-5B4B-444C-BF90-A93432D7E1FB}.Release|Any CPU.ActiveCfg = Release|Any CPU
		{66E9CFDA-5B4B-444C-BF90-A93432D7E1FB}.Release|Any CPU.Build.0 = Release|Any CPU
		{EB43DBD1-1EDE-48BC-81AB-DFD189012A48}.Debug|Any CPU.ActiveCfg = Debug|Any CPU
		{EB43DBD1-1EDE-48BC-81AB-DFD189012A48}.Debug|Any CPU.Build.0 = Debug|Any CPU
		{EB43DBD1-1EDE-48BC-81AB-DFD189012A48}.Release|Any CPU.ActiveCfg = Release|Any CPU
		{EB43DBD1-1EDE-48BC-81AB-DFD189012A48}.Release|Any CPU.Build.0 = Release|Any CPU
		{C6497EFA-E552-4473-9850-D510EE82CECA}.Debug|Any CPU.ActiveCfg = Debug|Any CPU
		{C6497EFA-E552-4473-9850-D510EE82CECA}.Debug|Any CPU.Build.0 = Debug|Any CPU
		{C6497EFA-E552-4473-9850-D510EE82CECA}.Release|Any CPU.ActiveCfg = Release|Any CPU
		{C6497EFA-E552-4473-9850-D510EE82CECA}.Release|Any CPU.Build.0 = Release|Any CPU
		{349591F1-31F6-4F70-A4E9-3EA580107264}.Debug|Any CPU.ActiveCfg = Debug|Any CPU
		{349591F1-31F6-4F70-A4E9-3EA580107264}.Debug|Any CPU.Build.0 = Debug|Any CPU
		{349591F1-31F6-4F70-A4E9-3EA580107264}.Release|Any CPU.ActiveCfg = Release|Any CPU
		{349591F1-31F6-4F70-A4E9-3EA580107264}.Release|Any CPU.Build.0 = Release|Any CPU
		{48BCC79F-9BD1-484F-B932-2806350FFCD2}.Debug|Any CPU.ActiveCfg = Debug|Any CPU
		{48BCC79F-9BD1-484F-B932-2806350FFCD2}.Debug|Any CPU.Build.0 = Debug|Any CPU
		{48BCC79F-9BD1-484F-B932-2806350FFCD2}.Release|Any CPU.ActiveCfg = Release|Any CPU
		{48BCC79F-9BD1-484F-B932-2806350FFCD2}.Release|Any CPU.Build.0 = Release|Any CPU
		{4FAC2AD8-3B4C-408D-9F12-6D916432E364}.Debug|Any CPU.ActiveCfg = Debug|Any CPU
		{4FAC2AD8-3B4C-408D-9F12-6D916432E364}.Debug|Any CPU.Build.0 = Debug|Any CPU
		{4FAC2AD8-3B4C-408D-9F12-6D916432E364}.Release|Any CPU.ActiveCfg = Release|Any CPU
		{4FAC2AD8-3B4C-408D-9F12-6D916432E364}.Release|Any CPU.Build.0 = Release|Any CPU
		{AF449998-5BD3-4F6F-88CA-2FC821B823E2}.Debug|Any CPU.ActiveCfg = Debug|Any CPU
		{AF449998-5BD3-4F6F-88CA-2FC821B823E2}.Debug|Any CPU.Build.0 = Debug|Any CPU
		{AF449998-5BD3-4F6F-88CA-2FC821B823E2}.Release|Any CPU.ActiveCfg = Release|Any CPU
		{AF449998-5BD3-4F6F-88CA-2FC821B823E2}.Release|Any CPU.Build.0 = Release|Any CPU
		{A5F5D77D-7EEB-4FFF-9017-394DE3769784}.Debug|Any CPU.ActiveCfg = Debug|Any CPU
		{A5F5D77D-7EEB-4FFF-9017-394DE3769784}.Debug|Any CPU.Build.0 = Debug|Any CPU
		{A5F5D77D-7EEB-4FFF-9017-394DE3769784}.Release|Any CPU.ActiveCfg = Release|Any CPU
		{A5F5D77D-7EEB-4FFF-9017-394DE3769784}.Release|Any CPU.Build.0 = Release|Any CPU
		{2FF2A579-700A-404B-BA24-ED76138F0914}.Debug|Any CPU.ActiveCfg = Debug|Any CPU
		{2FF2A579-700A-404B-BA24-ED76138F0914}.Debug|Any CPU.Build.0 = Debug|Any CPU
		{2FF2A579-700A-404B-BA24-ED76138F0914}.Release|Any CPU.ActiveCfg = Release|Any CPU
		{2FF2A579-700A-404B-BA24-ED76138F0914}.Release|Any CPU.Build.0 = Release|Any CPU
		{7FD94AAB-633E-4876-8581-4A2CD9C619A4}.Debug|Any CPU.ActiveCfg = Debug|Any CPU
		{7FD94AAB-633E-4876-8581-4A2CD9C619A4}.Debug|Any CPU.Build.0 = Debug|Any CPU
		{7FD94AAB-633E-4876-8581-4A2CD9C619A4}.Release|Any CPU.ActiveCfg = Release|Any CPU
		{7FD94AAB-633E-4876-8581-4A2CD9C619A4}.Release|Any CPU.Build.0 = Release|Any CPU
		{14BE0C12-196F-4CC1-B22F-3F4BB65A5B94}.Debug|Any CPU.ActiveCfg = Debug|Any CPU
		{14BE0C12-196F-4CC1-B22F-3F4BB65A5B94}.Debug|Any CPU.Build.0 = Debug|Any CPU
		{14BE0C12-196F-4CC1-B22F-3F4BB65A5B94}.Release|Any CPU.ActiveCfg = Release|Any CPU
		{14BE0C12-196F-4CC1-B22F-3F4BB65A5B94}.Release|Any CPU.Build.0 = Release|Any CPU
		{EE2BE35B-4D5E-4A55-A039-DF8DD612AE81}.Debug|Any CPU.ActiveCfg = Debug|Any CPU
		{EE2BE35B-4D5E-4A55-A039-DF8DD612AE81}.Debug|Any CPU.Build.0 = Debug|Any CPU
		{EE2BE35B-4D5E-4A55-A039-DF8DD612AE81}.Release|Any CPU.ActiveCfg = Release|Any CPU
		{EE2BE35B-4D5E-4A55-A039-DF8DD612AE81}.Release|Any CPU.Build.0 = Release|Any CPU
		{4BAC0926-F292-49C7-B6EC-29A4AC810D98}.Debug|Any CPU.ActiveCfg = Debug|Any CPU
		{4BAC0926-F292-49C7-B6EC-29A4AC810D98}.Debug|Any CPU.Build.0 = Debug|Any CPU
		{4BAC0926-F292-49C7-B6EC-29A4AC810D98}.Release|Any CPU.ActiveCfg = Release|Any CPU
		{4BAC0926-F292-49C7-B6EC-29A4AC810D98}.Release|Any CPU.Build.0 = Release|Any CPU
		{1785C166-F2FB-44C3-8F3B-603021DBC0D0}.Debug|Any CPU.ActiveCfg = Debug|Any CPU
		{1785C166-F2FB-44C3-8F3B-603021DBC0D0}.Debug|Any CPU.Build.0 = Debug|Any CPU
		{1785C166-F2FB-44C3-8F3B-603021DBC0D0}.Release|Any CPU.ActiveCfg = Release|Any CPU
		{1785C166-F2FB-44C3-8F3B-603021DBC0D0}.Release|Any CPU.Build.0 = Release|Any CPU
		{5280AFB2-5A39-4787-A174-2EFD09875660}.Debug|Any CPU.ActiveCfg = Debug|Any CPU
		{5280AFB2-5A39-4787-A174-2EFD09875660}.Debug|Any CPU.Build.0 = Debug|Any CPU
		{5280AFB2-5A39-4787-A174-2EFD09875660}.Release|Any CPU.ActiveCfg = Release|Any CPU
		{5280AFB2-5A39-4787-A174-2EFD09875660}.Release|Any CPU.Build.0 = Release|Any CPU
		{FCAA144C-E6E4-41AB-95BF-CAB76254A851}.Debug|Any CPU.ActiveCfg = Debug|Any CPU
		{FCAA144C-E6E4-41AB-95BF-CAB76254A851}.Debug|Any CPU.Build.0 = Debug|Any CPU
		{FCAA144C-E6E4-41AB-95BF-CAB76254A851}.Release|Any CPU.ActiveCfg = Release|Any CPU
		{FCAA144C-E6E4-41AB-95BF-CAB76254A851}.Release|Any CPU.Build.0 = Release|Any CPU
		{87F637C2-B5E9-4BC0-ACEE-454854CE4D45}.Debug|Any CPU.ActiveCfg = Debug|Any CPU
		{87F637C2-B5E9-4BC0-ACEE-454854CE4D45}.Debug|Any CPU.Build.0 = Debug|Any CPU
		{87F637C2-B5E9-4BC0-ACEE-454854CE4D45}.Release|Any CPU.ActiveCfg = Release|Any CPU
		{87F637C2-B5E9-4BC0-ACEE-454854CE4D45}.Release|Any CPU.Build.0 = Release|Any CPU
		{0A017DFF-F4C3-4BE8-A773-457F797BCBAC}.Debug|Any CPU.ActiveCfg = Debug|Any CPU
		{0A017DFF-F4C3-4BE8-A773-457F797BCBAC}.Debug|Any CPU.Build.0 = Debug|Any CPU
		{0A017DFF-F4C3-4BE8-A773-457F797BCBAC}.Release|Any CPU.ActiveCfg = Release|Any CPU
		{0A017DFF-F4C3-4BE8-A773-457F797BCBAC}.Release|Any CPU.Build.0 = Release|Any CPU
		{619B901C-0864-4C43-B04B-AD207A8CB6F2}.Debug|Any CPU.ActiveCfg = Debug|Any CPU
		{619B901C-0864-4C43-B04B-AD207A8CB6F2}.Debug|Any CPU.Build.0 = Debug|Any CPU
		{619B901C-0864-4C43-B04B-AD207A8CB6F2}.Release|Any CPU.ActiveCfg = Release|Any CPU
		{619B901C-0864-4C43-B04B-AD207A8CB6F2}.Release|Any CPU.Build.0 = Release|Any CPU
		{A738EDD0-C1FF-4329-B2C9-74AF8CFC4937}.Debug|Any CPU.ActiveCfg = Debug|Any CPU
		{A738EDD0-C1FF-4329-B2C9-74AF8CFC4937}.Debug|Any CPU.Build.0 = Debug|Any CPU
		{A738EDD0-C1FF-4329-B2C9-74AF8CFC4937}.Release|Any CPU.ActiveCfg = Release|Any CPU
		{A738EDD0-C1FF-4329-B2C9-74AF8CFC4937}.Release|Any CPU.Build.0 = Release|Any CPU
		{FC4F2638-A207-4F07-87C1-503730D100E8}.Debug|Any CPU.ActiveCfg = Debug|Any CPU
		{FC4F2638-A207-4F07-87C1-503730D100E8}.Debug|Any CPU.Build.0 = Debug|Any CPU
		{FC4F2638-A207-4F07-87C1-503730D100E8}.Release|Any CPU.ActiveCfg = Release|Any CPU
		{FC4F2638-A207-4F07-87C1-503730D100E8}.Release|Any CPU.Build.0 = Release|Any CPU
		{66D248B2-C9E9-4883-B0EF-940158B6EE2F}.Debug|Any CPU.ActiveCfg = Debug|Any CPU
		{66D248B2-C9E9-4883-B0EF-940158B6EE2F}.Debug|Any CPU.Build.0 = Debug|Any CPU
		{66D248B2-C9E9-4883-B0EF-940158B6EE2F}.Release|Any CPU.ActiveCfg = Release|Any CPU
		{66D248B2-C9E9-4883-B0EF-940158B6EE2F}.Release|Any CPU.Build.0 = Release|Any CPU
		{6C36FED8-955A-4172-ABBA-D1D924187A29}.Debug|Any CPU.ActiveCfg = Debug|Any CPU
		{6C36FED8-955A-4172-ABBA-D1D924187A29}.Debug|Any CPU.Build.0 = Debug|Any CPU
		{6C36FED8-955A-4172-ABBA-D1D924187A29}.Release|Any CPU.ActiveCfg = Release|Any CPU
		{6C36FED8-955A-4172-ABBA-D1D924187A29}.Release|Any CPU.Build.0 = Release|Any CPU
		{B3F31A59-C594-4616-9BE3-F34DE664A49A}.Debug|Any CPU.ActiveCfg = Debug|Any CPU
		{B3F31A59-C594-4616-9BE3-F34DE664A49A}.Debug|Any CPU.Build.0 = Debug|Any CPU
		{B3F31A59-C594-4616-9BE3-F34DE664A49A}.Release|Any CPU.ActiveCfg = Release|Any CPU
		{B3F31A59-C594-4616-9BE3-F34DE664A49A}.Release|Any CPU.Build.0 = Release|Any CPU
		{7139A816-2B9D-4D3E-BA48-6FDB7B751426}.Debug|Any CPU.ActiveCfg = Debug|Any CPU
		{7139A816-2B9D-4D3E-BA48-6FDB7B751426}.Debug|Any CPU.Build.0 = Debug|Any CPU
		{7139A816-2B9D-4D3E-BA48-6FDB7B751426}.Release|Any CPU.ActiveCfg = Release|Any CPU
		{7139A816-2B9D-4D3E-BA48-6FDB7B751426}.Release|Any CPU.Build.0 = Release|Any CPU
		{3DBD19E4-9533-4FAD-AA51-97D642FA38FA}.Debug|Any CPU.ActiveCfg = Debug|Any CPU
		{3DBD19E4-9533-4FAD-AA51-97D642FA38FA}.Debug|Any CPU.Build.0 = Debug|Any CPU
		{3DBD19E4-9533-4FAD-AA51-97D642FA38FA}.Release|Any CPU.ActiveCfg = Release|Any CPU
		{3DBD19E4-9533-4FAD-AA51-97D642FA38FA}.Release|Any CPU.Build.0 = Release|Any CPU
		{D9B10A75-CC74-44CD-827F-BCC1DAE1515C}.Debug|Any CPU.ActiveCfg = Debug|Any CPU
		{D9B10A75-CC74-44CD-827F-BCC1DAE1515C}.Debug|Any CPU.Build.0 = Debug|Any CPU
		{D9B10A75-CC74-44CD-827F-BCC1DAE1515C}.Release|Any CPU.ActiveCfg = Release|Any CPU
		{D9B10A75-CC74-44CD-827F-BCC1DAE1515C}.Release|Any CPU.Build.0 = Release|Any CPU
		{D6587B10-B017-4B16-A481-EF59C27FDAB3}.Debug|Any CPU.ActiveCfg = Debug|Any CPU
		{D6587B10-B017-4B16-A481-EF59C27FDAB3}.Debug|Any CPU.Build.0 = Debug|Any CPU
		{D6587B10-B017-4B16-A481-EF59C27FDAB3}.Release|Any CPU.ActiveCfg = Release|Any CPU
		{D6587B10-B017-4B16-A481-EF59C27FDAB3}.Release|Any CPU.Build.0 = Release|Any CPU
		{7D5885EA-4279-4603-B1C1-6D7D59298032}.Debug|Any CPU.ActiveCfg = Debug|Any CPU
		{7D5885EA-4279-4603-B1C1-6D7D59298032}.Debug|Any CPU.Build.0 = Debug|Any CPU
		{7D5885EA-4279-4603-B1C1-6D7D59298032}.Release|Any CPU.ActiveCfg = Release|Any CPU
		{7D5885EA-4279-4603-B1C1-6D7D59298032}.Release|Any CPU.Build.0 = Release|Any CPU
		{FA719106-D4FC-4A87-BAD8-9E3B5EE102B2}.Debug|Any CPU.ActiveCfg = Debug|Any CPU
		{FA719106-D4FC-4A87-BAD8-9E3B5EE102B2}.Debug|Any CPU.Build.0 = Debug|Any CPU
		{FA719106-D4FC-4A87-BAD8-9E3B5EE102B2}.Release|Any CPU.ActiveCfg = Release|Any CPU
		{FA719106-D4FC-4A87-BAD8-9E3B5EE102B2}.Release|Any CPU.Build.0 = Release|Any CPU
		{558CAE08-EC5B-49E9-B102-E15CCB043DCC}.Debug|Any CPU.ActiveCfg = Debug|Any CPU
		{558CAE08-EC5B-49E9-B102-E15CCB043DCC}.Debug|Any CPU.Build.0 = Debug|Any CPU
		{558CAE08-EC5B-49E9-B102-E15CCB043DCC}.Release|Any CPU.ActiveCfg = Release|Any CPU
		{558CAE08-EC5B-49E9-B102-E15CCB043DCC}.Release|Any CPU.Build.0 = Release|Any CPU
		{654A03FE-5486-40A1-BF89-F04BCF71F046}.Debug|Any CPU.ActiveCfg = Debug|Any CPU
		{654A03FE-5486-40A1-BF89-F04BCF71F046}.Debug|Any CPU.Build.0 = Debug|Any CPU
		{654A03FE-5486-40A1-BF89-F04BCF71F046}.Release|Any CPU.ActiveCfg = Release|Any CPU
		{654A03FE-5486-40A1-BF89-F04BCF71F046}.Release|Any CPU.Build.0 = Release|Any CPU
		{8AF98DE2-3C1D-4085-92C9-5673EF6F0F6F}.Debug|Any CPU.ActiveCfg = Debug|Any CPU
		{8AF98DE2-3C1D-4085-92C9-5673EF6F0F6F}.Debug|Any CPU.Build.0 = Debug|Any CPU
		{8AF98DE2-3C1D-4085-92C9-5673EF6F0F6F}.Release|Any CPU.ActiveCfg = Release|Any CPU
		{8AF98DE2-3C1D-4085-92C9-5673EF6F0F6F}.Release|Any CPU.Build.0 = Release|Any CPU
		{D94DF3FB-E13A-480A-8BF7-A24596C455C4}.Debug|Any CPU.ActiveCfg = Debug|Any CPU
		{D94DF3FB-E13A-480A-8BF7-A24596C455C4}.Debug|Any CPU.Build.0 = Debug|Any CPU
		{D94DF3FB-E13A-480A-8BF7-A24596C455C4}.Release|Any CPU.ActiveCfg = Release|Any CPU
		{D94DF3FB-E13A-480A-8BF7-A24596C455C4}.Release|Any CPU.Build.0 = Release|Any CPU
		{313DFB43-8780-43E7-9DD0-97A98A76ADED}.Debug|Any CPU.ActiveCfg = Debug|Any CPU
		{313DFB43-8780-43E7-9DD0-97A98A76ADED}.Debug|Any CPU.Build.0 = Debug|Any CPU
		{313DFB43-8780-43E7-9DD0-97A98A76ADED}.Release|Any CPU.ActiveCfg = Release|Any CPU
		{313DFB43-8780-43E7-9DD0-97A98A76ADED}.Release|Any CPU.Build.0 = Release|Any CPU
		{1B1DBF47-E9EC-41CB-9465-7D4955001866}.Debug|Any CPU.ActiveCfg = Debug|Any CPU
		{1B1DBF47-E9EC-41CB-9465-7D4955001866}.Debug|Any CPU.Build.0 = Debug|Any CPU
		{1B1DBF47-E9EC-41CB-9465-7D4955001866}.Release|Any CPU.ActiveCfg = Release|Any CPU
		{1B1DBF47-E9EC-41CB-9465-7D4955001866}.Release|Any CPU.Build.0 = Release|Any CPU
		{51FE26B2-489F-4FB5-9036-74E10E8209B1}.Debug|Any CPU.ActiveCfg = Debug|Any CPU
		{51FE26B2-489F-4FB5-9036-74E10E8209B1}.Debug|Any CPU.Build.0 = Debug|Any CPU
		{51FE26B2-489F-4FB5-9036-74E10E8209B1}.Release|Any CPU.ActiveCfg = Release|Any CPU
		{51FE26B2-489F-4FB5-9036-74E10E8209B1}.Release|Any CPU.Build.0 = Release|Any CPU
		{ECC49540-82A2-4B04-8B97-A7D5FAF48A63}.Debug|Any CPU.ActiveCfg = Debug|Any CPU
		{ECC49540-82A2-4B04-8B97-A7D5FAF48A63}.Debug|Any CPU.Build.0 = Debug|Any CPU
		{ECC49540-82A2-4B04-8B97-A7D5FAF48A63}.Release|Any CPU.ActiveCfg = Release|Any CPU
		{ECC49540-82A2-4B04-8B97-A7D5FAF48A63}.Release|Any CPU.Build.0 = Release|Any CPU
		{78ED757C-18EF-4349-9CAB-DBD38CAC1E81}.Debug|Any CPU.ActiveCfg = Debug|Any CPU
		{78ED757C-18EF-4349-9CAB-DBD38CAC1E81}.Debug|Any CPU.Build.0 = Debug|Any CPU
		{78ED757C-18EF-4349-9CAB-DBD38CAC1E81}.Release|Any CPU.ActiveCfg = Release|Any CPU
		{78ED757C-18EF-4349-9CAB-DBD38CAC1E81}.Release|Any CPU.Build.0 = Release|Any CPU
	EndGlobalSection
	GlobalSection(SolutionProperties) = preSolution
		HideSolutionNode = FALSE
	EndGlobalSection
	GlobalSection(NestedProjects) = preSolution
		{66E9CFDA-5B4B-444C-BF90-A93432D7E1FB} = {528A9707-A7ED-4384-84D7-F0E2C1C3C48B}
		{EB43DBD1-1EDE-48BC-81AB-DFD189012A48} = {528A9707-A7ED-4384-84D7-F0E2C1C3C48B}
		{C6497EFA-E552-4473-9850-D510EE82CECA} = {528A9707-A7ED-4384-84D7-F0E2C1C3C48B}
		{349591F1-31F6-4F70-A4E9-3EA580107264} = {2673407F-C117-422C-8827-C111F72236B0}
		{48BCC79F-9BD1-484F-B932-2806350FFCD2} = {2673407F-C117-422C-8827-C111F72236B0}
		{4FAC2AD8-3B4C-408D-9F12-6D916432E364} = {2673407F-C117-422C-8827-C111F72236B0}
		{AF449998-5BD3-4F6F-88CA-2FC821B823E2} = {2673407F-C117-422C-8827-C111F72236B0}
		{A5F5D77D-7EEB-4FFF-9017-394DE3769784} = {94C8C4C5-4F09-4F34-A09E-125B13E848CF}
		{2FF2A579-700A-404B-BA24-ED76138F0914} = {94C8C4C5-4F09-4F34-A09E-125B13E848CF}
		{7FD94AAB-633E-4876-8581-4A2CD9C619A4} = {94C8C4C5-4F09-4F34-A09E-125B13E848CF}
		{14BE0C12-196F-4CC1-B22F-3F4BB65A5B94} = {94C8C4C5-4F09-4F34-A09E-125B13E848CF}
		{EE2BE35B-4D5E-4A55-A039-DF8DD612AE81} = {94C8C4C5-4F09-4F34-A09E-125B13E848CF}
		{4BAC0926-F292-49C7-B6EC-29A4AC810D98} = {94C8C4C5-4F09-4F34-A09E-125B13E848CF}
		{1785C166-F2FB-44C3-8F3B-603021DBC0D0} = {94C8C4C5-4F09-4F34-A09E-125B13E848CF}
		{5280AFB2-5A39-4787-A174-2EFD09875660} = {94C8C4C5-4F09-4F34-A09E-125B13E848CF}
		{FCAA144C-E6E4-41AB-95BF-CAB76254A851} = {94C8C4C5-4F09-4F34-A09E-125B13E848CF}
		{87F637C2-B5E9-4BC0-ACEE-454854CE4D45} = {94C8C4C5-4F09-4F34-A09E-125B13E848CF}
		{0A017DFF-F4C3-4BE8-A773-457F797BCBAC} = {94C8C4C5-4F09-4F34-A09E-125B13E848CF}
		{619B901C-0864-4C43-B04B-AD207A8CB6F2} = {94C8C4C5-4F09-4F34-A09E-125B13E848CF}
		{A738EDD0-C1FF-4329-B2C9-74AF8CFC4937} = {98453094-26C1-455B-BAFA-76930F3055A4}
		{FC4F2638-A207-4F07-87C1-503730D100E8} = {9A95755E-BBE0-451B-B8BD-0E7D6D03B84B}
		{9A95755E-BBE0-451B-B8BD-0E7D6D03B84B} = {2673407F-C117-422C-8827-C111F72236B0}
		{66D248B2-C9E9-4883-B0EF-940158B6EE2F} = {9A95755E-BBE0-451B-B8BD-0E7D6D03B84B}
		{6C36FED8-955A-4172-ABBA-D1D924187A29} = {9A95755E-BBE0-451B-B8BD-0E7D6D03B84B}
		{B3F31A59-C594-4616-9BE3-F34DE664A49A} = {94C8C4C5-4F09-4F34-A09E-125B13E848CF}
		{7139A816-2B9D-4D3E-BA48-6FDB7B751426} = {94C8C4C5-4F09-4F34-A09E-125B13E848CF}
		{3DBD19E4-9533-4FAD-AA51-97D642FA38FA} = {98453094-26C1-455B-BAFA-76930F3055A4}
		{D9B10A75-CC74-44CD-827F-BCC1DAE1515C} = {98453094-26C1-455B-BAFA-76930F3055A4}
		{D6587B10-B017-4B16-A481-EF59C27FDAB3} = {98453094-26C1-455B-BAFA-76930F3055A4}
		{7D5885EA-4279-4603-B1C1-6D7D59298032} = {98453094-26C1-455B-BAFA-76930F3055A4}
		{FA719106-D4FC-4A87-BAD8-9E3B5EE102B2} = {98453094-26C1-455B-BAFA-76930F3055A4}
		{558CAE08-EC5B-49E9-B102-E15CCB043DCC} = {98453094-26C1-455B-BAFA-76930F3055A4}
		{654A03FE-5486-40A1-BF89-F04BCF71F046} = {98453094-26C1-455B-BAFA-76930F3055A4}
		{8AF98DE2-3C1D-4085-92C9-5673EF6F0F6F} = {98453094-26C1-455B-BAFA-76930F3055A4}
		{D94DF3FB-E13A-480A-8BF7-A24596C455C4} = {98453094-26C1-455B-BAFA-76930F3055A4}
		{313DFB43-8780-43E7-9DD0-97A98A76ADED} = {2673407F-C117-422C-8827-C111F72236B0}
		{1B1DBF47-E9EC-41CB-9465-7D4955001866} = {98453094-26C1-455B-BAFA-76930F3055A4}
		{51FE26B2-489F-4FB5-9036-74E10E8209B1} = {98453094-26C1-455B-BAFA-76930F3055A4}
		{ECC49540-82A2-4B04-8B97-A7D5FAF48A63} = {98453094-26C1-455B-BAFA-76930F3055A4}
		{78ED757C-18EF-4349-9CAB-DBD38CAC1E81} = {98453094-26C1-455B-BAFA-76930F3055A4}
	EndGlobalSection
	GlobalSection(ExtensibilityGlobals) = postSolution
		SolutionGuid = {9A00CBFB-5542-466B-8510-7EDE306CC17A}
	EndGlobalSection
EndGlobal
