
Microsoft Visual Studio Solution File, Format Version 12.00
# Visual Studio Version 16
VisualStudioVersion = 16.0.29911.84
MinimumVisualStudioVersion = 10.0.40219.1
Project("{2150E333-8FDC-42A3-9474-1A3956D46DE8}") = "DataStructures", "DataStructures", "{528A9707-A7ED-4384-84D7-F0E2C1C3C48B}"
EndProject
Project("{2150E333-8FDC-42A3-9474-1A3956D46DE8}") = "Algorithms", "Algorithms", "{2673407F-C117-422C-8827-C111F72236B0}"
EndProject
Project("{FAE04EC0-301F-11D3-BF4B-00C04F79EFBC}") = "SinglyLinkedList", "SinglyLinkedList\SinglyLinkedList.csproj", "{66E9CFDA-5B4B-444C-BF90-A93432D7E1FB}"
EndProject
Global
	GlobalSection(SolutionConfigurationPlatforms) = preSolution
		Debug|Any CPU = Debug|Any CPU
		Release|Any CPU = Release|Any CPU
	EndGlobalSection
	GlobalSection(ProjectConfigurationPlatforms) = postSolution
		{66E9CFDA-5B4B-444C-BF90-A93432D7E1FB}.Debug|Any CPU.ActiveCfg = Debug|Any CPU
		{66E9CFDA-5B4B-444C-BF90-A93432D7E1FB}.Debug|Any CPU.Build.0 = Debug|Any CPU
		{66E9CFDA-5B4B-444C-BF90-A93432D7E1FB}.Release|Any CPU.ActiveCfg = Release|Any CPU
		{66E9CFDA-5B4B-444C-BF90-A93432D7E1FB}.Release|Any CPU.Build.0 = Release|Any CPU
	EndGlobalSection
	GlobalSection(SolutionProperties) = preSolution
		HideSolutionNode = FALSE
	EndGlobalSection
	GlobalSection(NestedProjects) = preSolution
		{66E9CFDA-5B4B-444C-BF90-A93432D7E1FB} = {528A9707-A7ED-4384-84D7-F0E2C1C3C48B}
	EndGlobalSection
	GlobalSection(ExtensibilityGlobals) = postSolution
		SolutionGuid = {9A00CBFB-5542-466B-8510-7EDE306CC17A}
	EndGlobalSection
EndGlobal
